
Microsoft Visual Studio Solution File, Format Version 12.00
# Visual Studio Version 17
VisualStudioVersion = 17.0.32014.148
MinimumVisualStudioVersion = 10.0.40219.1
Project("{FAE04EC0-301F-11D3-BF4B-00C04F79EFBC}") = "Toci.Lgw.Database.Persistence", "Toci.Lgw.Database.Persistence\Toci.Lgw.Database.Persistence.csproj", "{40A16C51-2FBA-4E90-8F5D-C13860C0554F}"
EndProject
Global
	GlobalSection(SolutionConfigurationPlatforms) = preSolution
		Debug|Any CPU = Debug|Any CPU
		Release|Any CPU = Release|Any CPU
	EndGlobalSection
	GlobalSection(ProjectConfigurationPlatforms) = postSolution
		{40A16C51-2FBA-4E90-8F5D-C13860C0554F}.Debug|Any CPU.ActiveCfg = Debug|Any CPU
		{40A16C51-2FBA-4E90-8F5D-C13860C0554F}.Debug|Any CPU.Build.0 = Debug|Any CPU
		{40A16C51-2FBA-4E90-8F5D-C13860C0554F}.Release|Any CPU.ActiveCfg = Release|Any CPU
		{40A16C51-2FBA-4E90-8F5D-C13860C0554F}.Release|Any CPU.Build.0 = Release|Any CPU
	EndGlobalSection
	GlobalSection(SolutionProperties) = preSolution
		HideSolutionNode = FALSE
	EndGlobalSection
	GlobalSection(ExtensibilityGlobals) = postSolution
		SolutionGuid = {DA82FF06-9140-4081-9233-1A441301AE3C}
	EndGlobalSection
EndGlobal
